hash: 95b4c681225f81d7611d23e63493ebb5fa439877f87fb8104c1b31b5862ede0e
updated: 2017-01-22T21:01:58.690716355+08:00
imports:
- name: github.com/codegangsta/negroni
  version: b0a6f4500e67c3e53f2d1563cca1563ab9777533
- name: github.com/gorilla/context
  version: 08b5f424b9271eedf6f9f0ce86cb9396ed337a42
- name: github.com/gorilla/mux
  version: 392c28fe23e1c45ddba891b0320b3b5df220beea
- name: github.com/mikeflynn/go-alexa
  version: ca9bde7854923bcf74f5e1591d6d1a596492bb6f
  subpackages:
  - skillserver
testImports: []
