hash: be5cee939fcfc1bd58e574fe0281bbdb988f0fc37352fe55f4463a42a36cb8fe
updated: 2017-04-22T14:44:35.644268592+08:00
imports:
- name: github.com/codegangsta/negroni
  version: b0a6f4500e67c3e53f2d1563cca1563ab9777533
- name: github.com/gorilla/context
  version: 08b5f424b9271eedf6f9f0ce86cb9396ed337a42
- name: github.com/gorilla/mux
  version: 392c28fe23e1c45ddba891b0320b3b5df220beea
- name: github.com/lib/pq
  version: 2704adc878c21e1329f46f6e56a1c387d788ff94
- name: github.com/mikeflynn/go-alexa
  version: ca9bde7854923bcf74f5e1591d6d1a596492bb6f
  subpackages:
  - skillserver
testImports: []
